
Microsoft Visual Studio Solution File, Format Version 12.00
# Visual Studio 15
VisualStudioVersion = 15.0.28307.902
MinimumVisualStudioVersion = 10.0.40219.1
Project("{FAE04EC0-301F-11D3-BF4B-00C04F79EFBC}") = "Test", "MatrixPicutre\Test.csproj", "{C99F09E6-9F3F-4CAA-A251-12E603DFBAD1}"
EndProject
Project("{FAE04EC0-301F-11D3-BF4B-00C04F79EFBC}") = "TableLayoutPicture", "TableLayoutPicture\TableLayoutPicture.csproj", "{A7744DDD-3E9E-4C16-BED2-BAC02E16CE6A}"
EndProject
Global
	GlobalSection(SolutionConfigurationPlatforms) = preSolution
		Debug|Any CPU = Debug|Any CPU
		Release|Any CPU = Release|Any CPU
	EndGlobalSection
	GlobalSection(ProjectConfigurationPlatforms) = postSolution
		{C99F09E6-9F3F-4CAA-A251-12E603DFBAD1}.Debug|Any CPU.ActiveCfg = Debug|Any CPU
		{C99F09E6-9F3F-4CAA-A251-12E603DFBAD1}.Debug|Any CPU.Build.0 = Debug|Any CPU
		{C99F09E6-9F3F-4CAA-A251-12E603DFBAD1}.Release|Any CPU.ActiveCfg = Release|Any CPU
		{C99F09E6-9F3F-4CAA-A251-12E603DFBAD1}.Release|Any CPU.Build.0 = Release|Any CPU
		{A7744DDD-3E9E-4C16-BED2-BAC02E16CE6A}.Debug|Any CPU.ActiveCfg = Debug|Any CPU
		{A7744DDD-3E9E-4C16-BED2-BAC02E16CE6A}.Debug|Any CPU.Build.0 = Debug|Any CPU
		{A7744DDD-3E9E-4C16-BED2-BAC02E16CE6A}.Release|Any CPU.ActiveCfg = Release|Any CPU
		{A7744DDD-3E9E-4C16-BED2-BAC02E16CE6A}.Release|Any CPU.Build.0 = Release|Any CPU
	EndGlobalSection
	GlobalSection(SolutionProperties) = preSolution
		HideSolutionNode = FALSE
	EndGlobalSection
	GlobalSection(ExtensibilityGlobals) = postSolution
		SolutionGuid = {10C8A91E-FE30-4245-A906-7C14DD90AA85}
	EndGlobalSection
EndGlobal
